
Microsoft Visual Studio Solution File, Format Version 12.00
# Visual Studio Version 16
VisualStudioVersion = 16.0.30611.23
MinimumVisualStudioVersion = 10.0.40219.1
Project("{FAE04EC0-301F-11D3-BF4B-00C04F79EFBC}") = "Cuthill", "Cuthill.csproj", "{56412E7B-8EE5-4F29-82F7-DE7BA12F523E}"
EndProject
Global
	GlobalSection(SolutionConfigurationPlatforms) = preSolution
		Debug|Any CPU = Debug|Any CPU
		Release|Any CPU = Release|Any CPU
	EndGlobalSection
	GlobalSection(ProjectConfigurationPlatforms) = postSolution
		{56412E7B-8EE5-4F29-82F7-DE7BA12F523E}.Debug|Any CPU.ActiveCfg = Debug|Any CPU
		{56412E7B-8EE5-4F29-82F7-DE7BA12F523E}.Debug|Any CPU.Build.0 = Debug|Any CPU
		{56412E7B-8EE5-4F29-82F7-DE7BA12F523E}.Release|Any CPU.ActiveCfg = Release|Any CPU
		{56412E7B-8EE5-4F29-82F7-DE7BA12F523E}.Release|Any CPU.Build.0 = Release|Any CPU
	EndGlobalSection
	GlobalSection(SolutionProperties) = preSolution
		HideSolutionNode = FALSE
	EndGlobalSection
	GlobalSection(ExtensibilityGlobals) = postSolution
		SolutionGuid = {2C491D29-E0D9-497C-8929-16F219272B44}
	EndGlobalSection
EndGlobal
